
Microsoft Visual Studio Solution File, Format Version 12.00
# Visual Studio Version 17
VisualStudioVersion = 17.10.34916.146
MinimumVisualStudioVersion = 10.0.40219.1
Project("{9A19103F-16F7-4668-BE54-9A1E7A4F7556}") = "Oglasnik.WebAPI", "Oglasnik.WebAPI\Oglasnik.WebAPI.csproj", "{0027E065-63B6-4B04-9595-55E08029A4A4}"
EndProject
Project("{9A19103F-16F7-4668-BE54-9A1E7A4F7556}") = "Oglasnik.Contracts", "Oglasnik.Contracts\Oglasnik.Contracts.csproj", "{04EDA265-AB5C-42B4-998A-320AC1021C5E}"
EndProject
Project("{FAE04EC0-301F-11D3-BF4B-00C04F79EFBC}") = "Oglasnik.Data", "Oglasnik.Data\Oglasnik.Data.csproj", "{6E801F27-E701-405D-82EE-12B752B2DA14}"
EndProject
Project("{FAE04EC0-301F-11D3-BF4B-00C04F79EFBC}") = "Oglasnik.Business", "Oglasnik.Business\Oglasnik.Business.csproj", "{4ADC6DC1-006C-4BB0-9DBE-79A8DF253532}"
EndProject
Global
	GlobalSection(SolutionConfigurationPlatforms) = preSolution
		Debug|Any CPU = Debug|Any CPU
		Release|Any CPU = Release|Any CPU
	EndGlobalSection
	GlobalSection(ProjectConfigurationPlatforms) = postSolution
		{0027E065-63B6-4B04-9595-55E08029A4A4}.Debug|Any CPU.ActiveCfg = Debug|Any CPU
		{0027E065-63B6-4B04-9595-55E08029A4A4}.Debug|Any CPU.Build.0 = Debug|Any CPU
		{0027E065-63B6-4B04-9595-55E08029A4A4}.Release|Any CPU.ActiveCfg = Release|Any CPU
		{0027E065-63B6-4B04-9595-55E08029A4A4}.Release|Any CPU.Build.0 = Release|Any CPU
		{04EDA265-AB5C-42B4-998A-320AC1021C5E}.Debug|Any CPU.ActiveCfg = Debug|Any CPU
		{04EDA265-AB5C-42B4-998A-320AC1021C5E}.Debug|Any CPU.Build.0 = Debug|Any CPU
		{04EDA265-AB5C-42B4-998A-320AC1021C5E}.Release|Any CPU.ActiveCfg = Release|Any CPU
		{04EDA265-AB5C-42B4-998A-320AC1021C5E}.Release|Any CPU.Build.0 = Release|Any CPU
		{6E801F27-E701-405D-82EE-12B752B2DA14}.Debug|Any CPU.ActiveCfg = Debug|Any CPU
		{6E801F27-E701-405D-82EE-12B752B2DA14}.Debug|Any CPU.Build.0 = Debug|Any CPU
		{6E801F27-E701-405D-82EE-12B752B2DA14}.Release|Any CPU.ActiveCfg = Release|Any CPU
		{6E801F27-E701-405D-82EE-12B752B2DA14}.Release|Any CPU.Build.0 = Release|Any CPU
		{4ADC6DC1-006C-4BB0-9DBE-79A8DF253532}.Debug|Any CPU.ActiveCfg = Debug|Any CPU
		{4ADC6DC1-006C-4BB0-9DBE-79A8DF253532}.Debug|Any CPU.Build.0 = Debug|Any CPU
		{4ADC6DC1-006C-4BB0-9DBE-79A8DF253532}.Release|Any CPU.ActiveCfg = Release|Any CPU
		{4ADC6DC1-006C-4BB0-9DBE-79A8DF253532}.Release|Any CPU.Build.0 = Release|Any CPU
	EndGlobalSection
	GlobalSection(SolutionProperties) = preSolution
		HideSolutionNode = FALSE
	EndGlobalSection
	GlobalSection(ExtensibilityGlobals) = postSolution
		SolutionGuid = {5AECF936-0FE5-465B-BC54-7DD3BBDCD2C4}
	EndGlobalSection
EndGlobal
